// !$*UTF8*$!
{
	archiveVersion = 1;
	classes = {
	};
	objectVersion = 50;
	objects = {

/* Begin PBXBuildFile section */
		044802B3256EFEAD00CAED6F /* AppDelegate.swift in Sources */ = {isa = PBXBuildFile; fileRef = 044802B2256EFEAD00CAED6F /* AppDelegate.swift */; };
		044802B5256EFEAD00CAED6F /* SceneDelegate.swift in Sources */ = {isa = PBXBuildFile; fileRef = 044802B4256EFEAD00CAED6F /* SceneDelegate.swift */; };
		044802BA256EFEAD00CAED6F /* Main.storyboard in Resources */ = {isa = PBXBuildFile; fileRef = 044802B8256EFEAD00CAED6F /* Main.storyboard */; };
		044802BD256EFEAD00CAED6F /* shoppingList.xcdatamodeld in Sources */ = {isa = PBXBuildFile; fileRef = 044802BB256EFEAD00CAED6F /* shoppingList.xcdatamodeld */; };
		044802BF256EFEAF00CAED6F /* Assets.xcassets in Resources */ = {isa = PBXBuildFile; fileRef = 044802BE256EFEAF00CAED6F /* Assets.xcassets */; };
		044802C2256EFEAF00CAED6F /* LaunchScreen.storyboard in Resources */ = {isa = PBXBuildFile; fileRef = 044802C0256EFEAF00CAED6F /* LaunchScreen.storyboard */; };
		044802CB256EFECA00CAED6F /* ListViewController.swift in Sources */ = {isa = PBXBuildFile; fileRef = 044802CA256EFECA00CAED6F /* ListViewController.swift */; };
/* End PBXBuildFile section */

/* Begin PBXFileReference section */
		044802AF256EFEAD00CAED6F /* shoppingList.app */ = {isa = PBXFileReference; explicitFileType = wrapper.application; includeInIndex = 0; path = shoppingList.app; sourceTree = BUILT_PRODUCTS_DIR; };
		044802B2256EFEAD00CAED6F /* AppDelegate.swift */ = {isa = PBXFileReference; lastKnownFileType = sourcecode.swift; path = AppDelegate.swift; sourceTree = "<group>"; };
		044802B4256EFEAD00CAED6F /* SceneDelegate.swift */ = {isa = PBXFileReference; lastKnownFileType = sourcecode.swift; path = SceneDelegate.swift; sourceTree = "<group>"; };
		044802B9256EFEAD00CAED6F /* Base */ = {isa = PBXFileReference; lastKnownFileType = file.storyboard; name = Base; path = Base.lproj/Main.storyboard; sourceTree = "<group>"; };
		044802BC256EFEAD00CAED6F /* shoppingList.xcdatamodel */ = {isa = PBXFileReference; lastKnownFileType = wrapper.xcdatamodel; path = shoppingList.xcdatamodel; sourceTree = "<group>"; };
		044802BE256EFEAF00CAED6F /* Assets.xcassets */ = {isa = PBXFileReference; lastKnownFileType = folder.assetcatalog; path = Assets.xcassets; sourceTree = "<group>"; };
		044802C1256EFEAF00CAED6F /* Base */ = {isa = PBXFileReference; lastKnownFileType = file.storyboard; name = Base; path = Base.lproj/LaunchScreen.storyboard; sourceTree = "<group>"; };
		044802C3256EFEAF00CAED6F /* Info.plist */ = {isa = PBXFileReference; lastKnownFileType = text.plist.xml; path = Info.plist; sourceTree = "<group>"; };
		044802CA256EFECA00CAED6F /* ListViewController.swift */ = {isa = PBXFileReference; lastKnownFileType = sourcecode.swift; path = ListViewController.swift; sourceTree = "<group>"; };
/* End PBXFileReference section */

/* Begin PBXFrameworksBuildPhase section */
		044802AC256EFEAD00CAED6F /* Frameworks */ = {
			isa = PBXFrameworksBuildPhase;
			buildActionMask = 2147483647;
			files = (
			);
			runOnlyForDeploymentPostprocessing = 0;
		};
/* End PBXFrameworksBuildPhase section */

/* Begin PBXGroup section */
		044802A6256EFEAC00CAED6F = {
			isa = PBXGroup;
			children = (
				044802B1256EFEAD00CAED6F /* shoppingList */,
				044802B0256EFEAD00CAED6F /* Products */,
			);
			sourceTree = "<group>";
		};
		044802B0256EFEAD00CAED6F /* Products */ = {
			isa = PBXGroup;
			children = (
				044802AF256EFEAD00CAED6F /* shoppingList.app */,
			);
			name = Products;
			sourceTree = "<group>";
		};
		044802B1256EFEAD00CAED6F /* shoppingList */ = {
			isa = PBXGroup;
			children = (
				044802B2256EFEAD00CAED6F /* AppDelegate.swift */,
				044802B4256EFEAD00CAED6F /* SceneDelegate.swift */,
				044802D0256EFF3F00CAED6F /* Model */,
				044802CE256EFF3100CAED6F /* View */,
				044802CF256EFF3700CAED6F /* Controller */,
				044802BE256EFEAF00CAED6F /* Assets.xcassets */,
				044802C0256EFEAF00CAED6F /* LaunchScreen.storyboard */,
				044802C3256EFEAF00CAED6F /* Info.plist */,
			);
			path = shoppingList;
			sourceTree = "<group>";
		};
		044802CE256EFF3100CAED6F /* View */ = {
			isa = PBXGroup;
			children = (
				044802B8256EFEAD00CAED6F /* Main.storyboard */,
			);
			path = View;
			sourceTree = "<group>";
		};
		044802CF256EFF3700CAED6F /* Controller */ = {
			isa = PBXGroup;
			children = (
				044802CA256EFECA00CAED6F /* ListViewController.swift */,
			);
			path = Controller;
			sourceTree = "<group>";
		};
		044802D0256EFF3F00CAED6F /* Model */ = {
			isa = PBXGroup;
			children = (
				044802BB256EFEAD00CAED6F /* shoppingList.xcdatamodeld */,
			);
			path = Model;
			sourceTree = "<group>";
		};
/* End PBXGroup section */

/* Begin PBXNativeTarget section */
		044802AE256EFEAD00CAED6F /* shoppingList */ = {
			isa = PBXNativeTarget;
			buildConfigurationList = 044802C6256EFEAF00CAED6F /* Build configuration list for PBXNativeTarget "shoppingList" */;
			buildPhases = (
				044802AB256EFEAD00CAED6F /* Sources */,
				044802AC256EFEAD00CAED6F /* Frameworks */,
				044802AD256EFEAD00CAED6F /* Resources */,
			);
			buildRules = (
			);
			dependencies = (
			);
			name = shoppingList;
			productName = shoppingList;
			productReference = 044802AF256EFEAD00CAED6F /* shoppingList.app */;
			productType = "com.apple.product-type.application";
		};
/* End PBXNativeTarget section */

/* Begin PBXProject section */
		044802A7256EFEAC00CAED6F /* Project object */ = {
			isa = PBXProject;
			attributes = {
				LastSwiftUpdateCheck = 1220;
				LastUpgradeCheck = 1220;
				TargetAttributes = {
					044802AE256EFEAD00CAED6F = {
						CreatedOnToolsVersion = 12.2;
					};
				};
			};
			buildConfigurationList = 044802AA256EFEAC00CAED6F /* Build configuration list for PBXProject "shoppingList" */;
			compatibilityVersion = "Xcode 9.3";
			developmentRegion = en;
			hasScannedForEncodings = 0;
			knownRegions = (
				en,
				Base,
			);
			mainGroup = 044802A6256EFEAC00CAED6F;
			productRefGroup = 044802B0256EFEAD00CAED6F /* Products */;
			projectDirPath = "";
			projectRoot = "";
			targets = (
				044802AE256EFEAD00CAED6F /* shoppingList */,
			);
		};
/* End PBXProject section */

/* Begin PBXResourcesBuildPhase section */
		044802AD256EFEAD00CAED6F /* Resources */ = {
			isa = PBXResourcesBuildPhase;
			buildActionMask = 2147483647;
			files = (
				044802C2256EFEAF00CAED6F /* LaunchScreen.storyboard in Resources */,
				044802BF256EFEAF00CAED6F /* Assets.xcassets in Resources */,
				044802BA256EFEAD00CAED6F /* Main.storyboard in Resources */,
			);
			runOnlyForDeploymentPostprocessing = 0;
		};
/* End PBXResourcesBuildPhase section */

/* Begin PBXSourcesBuildPhase section */
		044802AB256EFEAD00CAED6F /* Sources */ = {
			isa = PBXSourcesBuildPhase;
			buildActionMask = 2147483647;
			files = (
				044802BD256EFEAD00CAED6F /* shoppingList.xcdatamodeld in Sources */,
				044802B3256EFEAD00CAED6F /* AppDelegate.swift in Sources */,
				044802CB256EFECA00CAED6F /* ListViewController.swift in Sources */,
				044802B5256EFEAD00CAED6F /* SceneDelegate.swift in Sources */,
			);
			runOnlyForDeploymentPostprocessing = 0;
		};
/* End PBXSourcesBuildPhase section */

/* Begin PBXVariantGroup section */
		044802B8256EFEAD00CAED6F /* Main.storyboard */ = {
			isa = PBXVariantGroup;
			children = (
				044802B9256EFEAD00CAED6F /* Base */,
			);
			name = Main.storyboard;
			sourceTree = "<group>";
		};
		044802C0256EFEAF00CAED6F /* LaunchScreen.storyboard */ = {
			isa = PBXVariantGroup;
			children = (
				044802C1256EFEAF00CAED6F /* Base */,
			);
			name = LaunchScreen.storyboard;
			sourceTree = "<group>";
		};
/* End PBXVariantGroup section */

/* Begin XCBuildConfiguration section */
		044802C4256EFEAF00CAED6F /* Debug */ = {
			isa = XCBuildConfiguration;
			buildSettings = {
				ALWAYS_SEARCH_USER_PATHS = NO;
				CLANG_ANALYZER_NONNULL = YES;
				CLANG_ANALYZER_NUMBER_OBJECT_CONVERSION = YES_AGGRESSIVE;
				CLANG_CXX_LANGUAGE_STANDARD = "gnu++14";
				CLANG_CXX_LIBRARY = "libc++";
				CLANG_ENABLE_MODULES = YES;
				CLANG_ENABLE_OBJC_ARC = YES;
				CLANG_ENABLE_OBJC_WEAK = YES;
				CLANG_WARN_BLOCK_CAPTURE_AUTORELEASING = YES;
				CLANG_WARN_BOOL_CONVERSION = YES;
				CLANG_WARN_COMMA = YES;
				CLANG_WARN_CONSTANT_CONVERSION = YES;
				CLANG_WARN_DEPRECATED_OBJC_IMPLEMENTATIONS = YES;
				CLANG_WARN_DIRECT_OBJC_ISA_USAGE = YES_ERROR;
				CLANG_WARN_DOCUMENTATION_COMMENTS = YES;
				CLANG_WARN_EMPTY_BODY = YES;
				CLANG_WARN_ENUM_CONVERSION = YES;
				CLANG_WARN_INFINITE_RECURSION = YES;
				CLANG_WARN_INT_CONVERSION = YES;
				CLANG_WARN_NON_LITERAL_NULL_CONVERSION = YES;
				CLANG_WARN_OBJC_IMPLICIT_RETAIN_SELF = YES;
				CLANG_WARN_OBJC_LITERAL_CONVERSION = YES;
				CLANG_WARN_OBJC_ROOT_CLASS = YES_ERROR;
				CLANG_WARN_QUOTED_INCLUDE_IN_FRAMEWORK_HEADER = YES;
				CLANG_WARN_RANGE_LOOP_ANALYSIS = YES;
				CLANG_WARN_STRICT_PROTOTYPES = YES;
				CLANG_WARN_SUSPICIOUS_MOVE = YES;
				CLANG_WARN_UNGUARDED_AVAILABILITY = YES_AGGRESSIVE;
				CLANG_WARN_UNREACHABLE_CODE = YES;
				CLANG_WARN__DUPLICATE_METHOD_MATCH = YES;
				COPY_PHASE_STRIP = NO;
				DEBUG_INFORMATION_FORMAT = dwarf;
				ENABLE_STRICT_OBJC_MSGSEND = YES;
				ENABLE_TESTABILITY = YES;
				GCC_C_LANGUAGE_STANDARD = gnu11;
				GCC_DYNAMIC_NO_PIC = NO;
				GCC_NO_COMMON_BLOCKS = YES;
				GCC_OPTIMIZATION_LEVEL = 0;
				GCC_PREPROCESSOR_DEFINITIONS = (
					"DEBUG=1",
					"$(inherited)",
				);
				GCC_WARN_64_TO_32_BIT_CONVERSION = YES;
				GCC_WARN_ABOUT_RETURN_TYPE = YES_ERROR;
				GCC_WARN_UNDECLARED_SELECTOR = YES;
				GCC_WARN_UNINITIALIZED_AUTOS = YES_AGGRESSIVE;
				GCC_WARN_UNUSED_FUNCTION = YES;
				GCC_WARN_UNUSED_VARIABLE = YES;
				IPHONEOS_DEPLOYMENT_TARGET = 14.2;
				MTL_ENABLE_DEBUG_INFO = INCLUDE_SOURCE;
				MTL_FAST_MATH = YES;
				ONLY_ACTIVE_ARCH = YES;
				SDKROOT = iphoneos;
				SWIFT_ACTIVE_COMPILATION_CONDITIONS = DEBUG;
				SWIFT_OPTIMIZATION_LEVEL = "-Onone";
			};
			name = Debug;
		};
		044802C5256EFEAF00CAED6F /* Release */ = {
			isa = XCBuildConfiguration;
			buildSettings = {
				ALWAYS_SEARCH_USER_PATHS = NO;
				CLANG_ANALYZER_NONNULL = YES;
				CLANG_ANALYZER_NUMBER_OBJECT_CONVERSION = YES_AGGRESSIVE;
				CLANG_CXX_LANGUAGE_STANDARD = "gnu++14";
				CLANG_CXX_LIBRARY = "libc++";
				CLANG_ENABLE_MODULES = YES;
				CLANG_ENABLE_OBJC_ARC = YES;
				CLANG_ENABLE_OBJC_WEAK = YES;
				CLANG_WARN_BLOCK_CAPTURE_AUTORELEASING = YES;
				CLANG_WARN_BOOL_CONVERSION = YES;
				CLANG_WARN_COMMA = YES;
				CLANG_WARN_CONSTANT_CONVERSION = YES;
				CLANG_WARN_DEPRECATED_OBJC_IMPLEMENTATIONS = YES;
				CLANG_WARN_DIRECT_OBJC_ISA_USAGE = YES_ERROR;
				CLANG_WARN_DOCUMENTATION_COMMENTS = YES;
				CLANG_WARN_EMPTY_BODY = YES;
				CLANG_WARN_ENUM_CONVERSION = YES;
				CLANG_WARN_INFINITE_RECURSION = YES;
				CLANG_WARN_INT_CONVERSION = YES;
				CLANG_WARN_NON_LITERAL_NULL_CONVERSION = YES;
				CLANG_WARN_OBJC_IMPLICIT_RETAIN_SELF = YES;
				CLANG_WARN_OBJC_LITERAL_CONVERSION = YES;
				CLANG_WARN_OBJC_ROOT_CLASS = YES_ERROR;
				CLANG_WARN_QUOTED_INCLUDE_IN_FRAMEWORK_HEADER = YES;
				CLANG_WARN_RANGE_LOOP_ANALYSIS = YES;
				CLANG_WARN_STRICT_PROTOTYPES = YES;
				CLANG_WARN_SUSPICIOUS_MOVE = YES;
				CLANG_WARN_UNGUARDED_AVAILABILITY = YES_AGGRESSIVE;
				CLANG_WARN_UNREACHABLE_CODE = YES;
				CLANG_WARN__DUPLICATE_METHOD_MATCH = YES;
				COPY_PHASE_STRIP = NO;
				DEBUG_INFORMATION_FORMAT = "dwarf-with-dsym";
				ENABLE_NS_ASSERTIONS = NO;
				ENABLE_STRICT_OBJC_MSGSEND = YES;
				GCC_C_LANGUAGE_STANDARD = gnu11;
				GCC_NO_COMMON_BLOCKS = YES;
				GCC_WARN_64_TO_32_BIT_CONVERSION = YES;
				GCC_WARN_ABOUT_RETURN_TYPE = YES_ERROR;
				GCC_WARN_UNDECLARED_SELECTOR = YES;
				GCC_WARN_UNINITIALIZED_AUTOS = YES_AGGRESSIVE;
				GCC_WARN_UNUSED_FUNCTION = YES;
				GCC_WARN_UNUSED_VARIABLE = YES;
				IPHONEOS_DEPLOYMENT_TARGET = 14.2;
				MTL_ENABLE_DEBUG_INFO = NO;
				MTL_FAST_MATH = YES;
				SDKROOT = iphoneos;
				SWIFT_COMPILATION_MODE = wholemodule;
				SWIFT_OPTIMIZATION_LEVEL = "-O";
				VALIDATE_PRODUCT = YES;
			};
			name = Release;
		};
		044802C7256EFEAF00CAED6F /* Debug */ = {
			isa = XCBuildConfiguration;
			buildSettings = {
				ASSETCATALOG_COMPILER_APPICON_NAME = AppIcon;
				ASSETCATALOG_COMPILER_GLOBAL_ACCENT_COLOR_NAME = AccentColor;
				CODE_SIGN_STYLE = Automatic;
				DEVELOPMENT_TEAM = BPQ668928C;
				INFOPLIST_FILE = shoppingList/Info.plist;
				LD_RUNPATH_SEARCH_PATHS = (
					"$(inherited)",
					"@executable_path/Frameworks",
				);
				PRODUCT_BUNDLE_IDENTIFIER = com.nicobelo.shoppingList;
				PRODUCT_NAME = "$(TARGET_NAME)";
				SWIFT_VERSION = 5.0;
				TARGETED_DEVICE_FAMILY = "1,2";
			};
			name = Debug;
		};
		044802C8256EFEAF00CAED6F /* Release */ = {
			isa = XCBuildConfiguration;
			buildSettings = {
				ASSETCATALOG_COMPILER_APPICON_NAME = AppIcon;
				ASSETCATALOG_COMPILER_GLOBAL_ACCENT_COLOR_NAME = AccentColor;
				CODE_SIGN_STYLE = Automatic;
				DEVELOPMENT_TEAM = BPQ668928C;
				INFOPLIST_FILE = shoppingList/Info.plist;
				LD_RUNPATH_SEARCH_PATHS = (
					"$(inherited)",
					"@executable_path/Frameworks",
				);
				PRODUCT_BUNDLE_IDENTIFIER = com.nicobelo.shoppingList;
				PRODUCT_NAME = "$(TARGET_NAME)";
				SWIFT_VERSION = 5.0;
				TARGETED_DEVICE_FAMILY = "1,2";
			};
			name = Release;
		};
/* End XCBuildConfiguration section */

/* Begin XCConfigurationList section */
		044802AA256EFEAC00CAED6F /* Build configuration list for PBXProject "shoppingList" */ = {
			isa = XCConfigurationList;
			buildConfigurations = (
				044802C4256EFEAF00CAED6F /* Debug */,
				044802C5256EFEAF00CAED6F /* Release */,
			);
			defaultConfigurationIsVisible = 0;
			defaultConfigurationName = Release;
		};
		044802C6256EFEAF00CAED6F /* Build configuration list for PBXNativeTarget "shoppingList" */ = {
			isa = XCConfigurationList;
			buildConfigurations = (
				044802C7256EFEAF00CAED6F /* Debug */,
				044802C8256EFEAF00CAED6F /* Release */,
			);
			defaultConfigurationIsVisible = 0;
			defaultConfigurationName = Release;
		};
/* End XCConfigurationList section */

/* Begin XCVersionGroup section */
		044802BB256EFEAD00CAED6F /* shoppingList.xcdatamodeld */ = {
			isa = XCVersionGroup;
			children = (
				044802BC256EFEAD00CAED6F /* shoppingList.xcdatamodel */,
			);
			currentVersion = 044802BC256EFEAD00CAED6F /* shoppingList.xcdatamodel */;
			path = shoppingList.xcdatamodeld;
			sourceTree = "<group>";
			versionGroupType = wrapper.xcdatamodel;
		};
/* End XCVersionGroup section */
	};
	rootObject = 044802A7256EFEAC00CAED6F /* Project object */;
}
